<Solution>
  <Folder Name="/src/" />
  <Folder Name="/src/Domain/">
    <Project Path="LearningDIHub.CompositionRoot/LearningDIHub.CompositionRoot.csproj" />
    <Project Path="LearningDIHub.Domain/LearningDIHub.Domain.csproj" />
  </Folder>
  <Folder Name="/src/UI/">
    <Project Path="LearningDIHub.Console/LearningDIHub.Console.csproj" />
  </Folder>
  <Folder Name="/test/">
    <File Path="message.json" />
  </Folder>
</Solution>
